
Microsoft Visual Studio Solution File, Format Version 12.00
# Visual Studio Version 17
VisualStudioVersion = 17.12.35527.113
MinimumVisualStudioVersion = 10.0.40219.1
Project("{F184B08F-C81C-45F6-A57F-5ABD9991F28F}") = "RBX Asset Extractor", "RBX Asset Extractor\RBX Asset Extractor.vbproj", "{571AA3AF-BF38-4B17-84B0-F04D1522AE67}"
EndProject
Project("{2150E333-8FDC-42A3-9474-1A3956D46DE8}") = "Solution Items", "Solution Items", "{B1DFB5E1-7E56-4812-8530-5BF35A378896}"
EndProject
Global
	GlobalSection(SolutionConfigurationPlatforms) = preSolution
		Debug|Any CPU = Debug|Any CPU
		Release|Any CPU = Release|Any CPU
	EndGlobalSection
	GlobalSection(ProjectConfigurationPlatforms) = postSolution
		{571AA3AF-BF38-4B17-84B0-F04D1522AE67}.Debug|Any CPU.ActiveCfg = Debug|Any CPU
		{571AA3AF-BF38-4B17-84B0-F04D1522AE67}.Debug|Any CPU.Build.0 = Debug|Any CPU
		{571AA3AF-BF38-4B17-84B0-F04D1522AE67}.Release|Any CPU.ActiveCfg = Release|Any CPU
		{571AA3AF-BF38-4B17-84B0-F04D1522AE67}.Release|Any CPU.Build.0 = Release|Any CPU
	EndGlobalSection
	GlobalSection(SolutionProperties) = preSolution
		HideSolutionNode = FALSE
	EndGlobalSection
EndGlobal
